
Microsoft Visual Studio Solution File, Format Version 12.00
# Visual Studio Version 17
VisualStudioVersion = 17.0.31903.59
MinimumVisualStudioVersion = 10.0.40219.1
Project("{FAE04EC0-301F-11D3-BF4B-00C04F79EFBC}") = "ConwayGameOfLife.Core", "ConwayGameOfLife.Core\ConwayGameOfLife.Core.csproj", "{E5B84CF4-AABB-45C3-AA75-136E45468EA3}"
EndProject
Project("{FAE04EC0-301F-11D3-BF4B-00C04F79EFBC}") = "ConwayGameOfLife.Infrastructure", "ConwayGameOfLife.Infrastructure\ConwayGameOfLife.Infrastructure.csproj", "{15486685-812B-4323-9302-59BF5947911F}"
EndProject
Project("{FAE04EC0-301F-11D3-BF4B-00C04F79EFBC}") = "ConwayGameOfLife.API", "ConwayGameOfLife.API\ConwayGameOfLife.API.csproj", "{B6FC01A6-122D-4E1F-B46D-31BAFCA14C93}"
EndProject
Global
	GlobalSection(SolutionConfigurationPlatforms) = preSolution
		Debug|Any CPU = Debug|Any CPU
		Debug|x64 = Debug|x64
		Debug|x86 = Debug|x86
		Release|Any CPU = Release|Any CPU
		Release|x64 = Release|x64
		Release|x86 = Release|x86
	EndGlobalSection
	GlobalSection(ProjectConfigurationPlatforms) = postSolution
		{E5B84CF4-AABB-45C3-AA75-136E45468EA3}.Debug|Any CPU.ActiveCfg = Debug|Any CPU
		{E5B84CF4-AABB-45C3-AA75-136E45468EA3}.Debug|Any CPU.Build.0 = Debug|Any CPU
		{E5B84CF4-AABB-45C3-AA75-136E45468EA3}.Debug|x64.ActiveCfg = Debug|Any CPU
		{E5B84CF4-AABB-45C3-AA75-136E45468EA3}.Debug|x64.Build.0 = Debug|Any CPU
		{E5B84CF4-AABB-45C3-AA75-136E45468EA3}.Debug|x86.ActiveCfg = Debug|Any CPU
		{E5B84CF4-AABB-45C3-AA75-136E45468EA3}.Debug|x86.Build.0 = Debug|Any CPU
		{E5B84CF4-AABB-45C3-AA75-136E45468EA3}.Release|Any CPU.ActiveCfg = Release|Any CPU
		{E5B84CF4-AABB-45C3-AA75-136E45468EA3}.Release|Any CPU.Build.0 = Release|Any CPU
		{E5B84CF4-AABB-45C3-AA75-136E45468EA3}.Release|x64.ActiveCfg = Release|Any CPU
		{E5B84CF4-AABB-45C3-AA75-136E45468EA3}.Release|x64.Build.0 = Release|Any CPU
		{E5B84CF4-AABB-45C3-AA75-136E45468EA3}.Release|x86.ActiveCfg = Release|Any CPU
		{E5B84CF4-AABB-45C3-AA75-136E45468EA3}.Release|x86.Build.0 = Release|Any CPU
		{15486685-812B-4323-9302-59BF5947911F}.Debug|Any CPU.ActiveCfg = Debug|Any CPU
		{15486685-812B-4323-9302-59BF5947911F}.Debug|Any CPU.Build.0 = Debug|Any CPU
		{15486685-812B-4323-9302-59BF5947911F}.Debug|x64.ActiveCfg = Debug|Any CPU
		{15486685-812B-4323-9302-59BF5947911F}.Debug|x64.Build.0 = Debug|Any CPU
		{15486685-812B-4323-9302-59BF5947911F}.Debug|x86.ActiveCfg = Debug|Any CPU
		{15486685-812B-4323-9302-59BF5947911F}.Debug|x86.Build.0 = Debug|Any CPU
		{15486685-812B-4323-9302-59BF5947911F}.Release|Any CPU.ActiveCfg = Release|Any CPU
		{15486685-812B-4323-9302-59BF5947911F}.Release|Any CPU.Build.0 = Release|Any CPU
		{15486685-812B-4323-9302-59BF5947911F}.Release|x64.ActiveCfg = Release|Any CPU
		{15486685-812B-4323-9302-59BF5947911F}.Release|x64.Build.0 = Release|Any CPU
		{15486685-812B-4323-9302-59BF5947911F}.Release|x86.ActiveCfg = Release|Any CPU
		{15486685-812B-4323-9302-59BF5947911F}.Release|x86.Build.0 = Release|Any CPU
		{4CE32A0B-336F-40C6-8807-924E35AF900B}.Debug|Any CPU.ActiveCfg = Debug|Any CPU
		{4CE32A0B-336F-40C6-8807-924E35AF900B}.Debug|Any CPU.Build.0 = Debug|Any CPU
		{4CE32A0B-336F-40C6-8807-924E35AF900B}.Debug|x64.ActiveCfg = Debug|Any CPU
		{4CE32A0B-336F-40C6-8807-924E35AF900B}.Debug|x64.Build.0 = Debug|Any CPU
		{4CE32A0B-336F-40C6-8807-924E35AF900B}.Debug|x86.ActiveCfg = Debug|Any CPU
		{4CE32A0B-336F-40C6-8807-924E35AF900B}.Debug|x86.Build.0 = Debug|Any CPU
		{4CE32A0B-336F-40C6-8807-924E35AF900B}.Release|Any CPU.ActiveCfg = Release|Any CPU
		{4CE32A0B-336F-40C6-8807-924E35AF900B}.Release|Any CPU.Build.0 = Release|Any CPU
		{4CE32A0B-336F-40C6-8807-924E35AF900B}.Release|x64.ActiveCfg = Release|Any CPU
		{4CE32A0B-336F-40C6-8807-924E35AF900B}.Release|x64.Build.0 = Release|Any CPU
		{4CE32A0B-336F-40C6-8807-924E35AF900B}.Release|x86.ActiveCfg = Release|Any CPU
		{4CE32A0B-336F-40C6-8807-924E35AF900B}.Release|x86.Build.0 = Release|Any CPU
		{B6FC01A6-122D-4E1F-B46D-31BAFCA14C93}.Debug|Any CPU.ActiveCfg = Debug|Any CPU
		{B6FC01A6-122D-4E1F-B46D-31BAFCA14C93}.Debug|Any CPU.Build.0 = Debug|Any CPU
		{B6FC01A6-122D-4E1F-B46D-31BAFCA14C93}.Debug|x64.ActiveCfg = Debug|Any CPU
		{B6FC01A6-122D-4E1F-B46D-31BAFCA14C93}.Debug|x64.Build.0 = Debug|Any CPU
		{B6FC01A6-122D-4E1F-B46D-31BAFCA14C93}.Debug|x86.ActiveCfg = Debug|Any CPU
		{B6FC01A6-122D-4E1F-B46D-31BAFCA14C93}.Debug|x86.Build.0 = Debug|Any CPU
		{B6FC01A6-122D-4E1F-B46D-31BAFCA14C93}.Release|Any CPU.ActiveCfg = Release|Any CPU
		{B6FC01A6-122D-4E1F-B46D-31BAFCA14C93}.Release|Any CPU.Build.0 = Release|Any CPU
		{B6FC01A6-122D-4E1F-B46D-31BAFCA14C93}.Release|x64.ActiveCfg = Release|Any CPU
		{B6FC01A6-122D-4E1F-B46D-31BAFCA14C93}.Release|x64.Build.0 = Release|Any CPU
		{B6FC01A6-122D-4E1F-B46D-31BAFCA14C93}.Release|x86.ActiveCfg = Release|Any CPU
		{B6FC01A6-122D-4E1F-B46D-31BAFCA14C93}.Release|x86.Build.0 = Release|Any CPU
	EndGlobalSection
	GlobalSection(SolutionProperties) = preSolution
		HideSolutionNode = FALSE
	EndGlobalSection
EndGlobal
